{
  "version": "4",
  "specifiers": {
    "jsr:@maxim-mazurok/sax-ts@1.2.13": "1.2.13"
  },
  "jsr": {
    "@maxim-mazurok/sax-ts@1.2.13": {
      "integrity": "9f2f9a3ac1b142400940a4c9e916656fe63d4710a78102aeb8e08e863de2c76d"
    }
  },
  "remote": {
    "https://cdn.skypack.dev/-/debug@v4.3.4-o4liVvMlOnQWbLSYZMXw/dist=es2019,mode=imports/optimized/debug.js": "671100993996e39b501301a87000607916d4d2d9f8fc8e9c5200ae5ba64a1389",
    "https://cdn.skypack.dev/-/ms@v2.1.2-giBDZ1IA5lmQ3ZXaa87V/dist=es2019,mode=imports/optimized/ms.js": "fd88e2d51900437011f1ad232f3393ce97db1b87a7844b3c58dd6d65562c1276",
    "https://cdn.skypack.dev/debug@4.3.4": "7b1d010cc930f71b940ba5941da055bc181115229e29de7214bdb4425c68ea76",
    "https://deno.land/std@0.211.0/path/_common/assert_path.ts": "2ca275f36ac1788b2acb60fb2b79cb06027198bc2ba6fb7e163efaedde98c297",
    "https://deno.land/std@0.211.0/path/_common/basename.ts": "569744855bc8445f3a56087fd2aed56bdad39da971a8d92b138c9913aecc5fa2",
    "https://deno.land/std@0.211.0/path/_common/constants.ts": "dc5f8057159f4b48cd304eb3027e42f1148cf4df1fb4240774d3492b5d12ac0c",
    "https://deno.land/std@0.211.0/path/_common/strip_trailing_separators.ts": "7024a93447efcdcfeaa9339a98fa63ef9d53de363f1fbe9858970f1bba02655a",
    "https://deno.land/std@0.211.0/path/_os.ts": "8fb9b90fb6b753bd8c77cfd8a33c2ff6c5f5bc185f50de8ca4ac6a05710b2c15",
    "https://deno.land/std@0.211.0/path/basename.ts": "5d341aadb7ada266e2280561692c165771d071c98746fcb66da928870cd47668",
    "https://deno.land/std@0.211.0/path/posix/_util.ts": "1e3937da30f080bfc99fe45d7ed23c47dd8585c5e473b2d771380d3a6937cf9d",
    "https://deno.land/std@0.211.0/path/posix/basename.ts": "39ee27a29f1f35935d3603ccf01d53f3d6e0c5d4d0f84421e65bd1afeff42843",
    "https://deno.land/std@0.211.0/path/windows/_util.ts": "d5f47363e5293fced22c984550d5e70e98e266cc3f31769e1710511803d04808",
    "https://deno.land/std@0.211.0/path/windows/basename.ts": "e2dbf31d1d6385bfab1ce38c333aa290b6d7ae9e0ecb8234a654e583cf22f8fe",
    "https://deno.land/x/grammy@v1.31.3/bot.ts": "477241b42959a7721292259b958da0601a3f50bb6cc07a642c8f74ccc3226a6c",
    "https://deno.land/x/grammy@v1.31.3/composer.ts": "dab5a40d8a6fdc734bfb218f8b2e4ef846c05b833219ddd3fdee3f145bb2660b",
    "https://deno.land/x/grammy@v1.31.3/context.ts": "983ddaeb299c762f9a3fa642f8b7206883673cc63b93f89431adf9f8e2131d23",
    "https://deno.land/x/grammy@v1.31.3/convenience/constants.ts": "1560129784be52f49aa0bea8716f09ed00dac367fef195be6a2c09bdfc43fb99",
    "https://deno.land/x/grammy@v1.31.3/convenience/frameworks.ts": "bc83a7b68cbbd2e7d3df08ccedb605b4f5ac8870f61d17dea23964c1d82a5ee6",
    "https://deno.land/x/grammy@v1.31.3/convenience/inline_query.ts": "409d1940c7670708064efa495003bcbfdf6763a756b2e6303c464489fd3394ff",
    "https://deno.land/x/grammy@v1.31.3/convenience/input_media.ts": "7af72a5fdb1af0417e31b1327003f536ddfdf64e06ab8bc7f5da6b574de38658",
    "https://deno.land/x/grammy@v1.31.3/convenience/keyboard.ts": "dcfdc05f51758855d31dc80637798e0ca1d7f9b85038a6e9e600522e7cdac490",
    "https://deno.land/x/grammy@v1.31.3/convenience/session.ts": "f0ce5742f7938aae146946c8b84d29540d20f592193ebfc217cb79e6e1af33fe",
    "https://deno.land/x/grammy@v1.31.3/convenience/webhook.ts": "722f6da8de7578ecfcd263ca07ec3b81f09e7f243fdf2a887ac0e6cab509e116",
    "https://deno.land/x/grammy@v1.31.3/core/api.ts": "5e5ed88b2c0c3a9cade89bf7a4e479e598e8310fb7a90d50ad57c090f3845a9a",
    "https://deno.land/x/grammy@v1.31.3/core/client.ts": "d4dfeab249537cda49f9c72904a4929f26819bded57e16559e0150db44f4fd93",
    "https://deno.land/x/grammy@v1.31.3/core/error.ts": "5245f18f273da6be364f525090c24d2e9a282c180904f674f66946f2b2556247",
    "https://deno.land/x/grammy@v1.31.3/core/payload.ts": "420e17c3c2830b5576ea187cfce77578fe09f1204b25c25ea2f220ca7c86e73b",
    "https://deno.land/x/grammy@v1.31.3/filter.ts": "dd30fa957e37a0857e471157bc5a21a13b8f5c3d145b512679aefb3ff5174670",
    "https://deno.land/x/grammy@v1.31.3/mod.ts": "7723e08709ff7fd01df3e463503e14e4fd1a581669380eed70351e1121e8a833",
    "https://deno.land/x/grammy@v1.31.3/platform.deno.ts": "68272a7e1d9a2d74d8a45342526485dbc0531dee812f675d7f8a4e7fc8393028",
    "https://deno.land/x/grammy@v1.31.3/types.deno.ts": "4d1d3f770b5ae7bbd86096b32f69b52c8312191ded9be2d92cc57a53f075e36f",
    "https://deno.land/x/grammy@v1.31.3/types.ts": "729415590dfa188dbe924dea614dff4e976babdbabb28a307b869fc25777cdf0",
    "https://deno.land/x/grammy_types@v3.15.0/api.ts": "ae04d6628e3d25ae805bc07a19475065044fc44cde0a40877405bc3544d03a5f",
    "https://deno.land/x/grammy_types@v3.15.0/inline.ts": "ef999d5131968bdc49c0b74d2b0ff94fca310edfa06b02fe1ae1ac2949156934",
    "https://deno.land/x/grammy_types@v3.15.0/langs.ts": "5f5fd09c58ba3ae942dd7cea2696f95587d2032c1829bba4bca81762b7ef73b6",
    "https://deno.land/x/grammy_types@v3.15.0/manage.ts": "2bf2395311dcfdbb97d3227048eb877cac92d2a247563bb0e4f2e45acd4f99b1",
    "https://deno.land/x/grammy_types@v3.15.0/markup.ts": "b989e0712f9731c59e6cb308371b1722d823dd55de3d6bcaf3e4ed645a42e1f9",
    "https://deno.land/x/grammy_types@v3.15.0/message.ts": "c0d049ce1ba418fba06a8ce34d0eb7b68b019f508009051c5fc49386c4730905",
    "https://deno.land/x/grammy_types@v3.15.0/methods.ts": "fea3c1818e777161c6e55d9d9c27f5512939647fa21471c0f7284ab33c18272b",
    "https://deno.land/x/grammy_types@v3.15.0/mod.ts": "7ecea1d3f7085d64419b78183039c78d70d655aeaa8b07f118ffbfb823f5b0b7",
    "https://deno.land/x/grammy_types@v3.15.0/passport.ts": "19820e7d6c279521f8bc8912d6a378239f73d4ab525453808994b5f44ef95215",
    "https://deno.land/x/grammy_types@v3.15.0/payment.ts": "c899cd6528ddcf464e3318c9761abe77b1f0590076e38d25c8aa6c563636e18f",
    "https://deno.land/x/grammy_types@v3.15.0/settings.ts": "f8ff810da6f1007ed24cd504809bf46820229c395ff9bfc3e5c8ceaef5b2aae1",
    "https://deno.land/x/grammy_types@v3.15.0/update.ts": "71cc0d5ec860149b71415ba03282b1d7edd0466b36e2789521a3b3a3d7796493",
    "https://deno.land/x/rss@1.1.1/deps.ts": "24c068a645f2af4e56c2fac530254446ce357b03e994a4dff9826820c09e00fd",
    "https://deno.land/x/rss@1.1.1/mod.ts": "95cfd02a4326a8f3516b16fcd30a8448e96c0f6c05b9f86cac57f021e4032983",
    "https://deno.land/x/rss@1.1.1/src/deserializer.ts": "bdd109f11983d4544e68ec997e0589f010e6bb81275472d7bd32bbdf0ec9a624",
    "https://deno.land/x/rss@1.1.1/src/mappers/mapper.ts": "0452f62ffb628be3df145454e46aa09f5e63738b216d3a085ce08eed37f0f6a7",
    "https://deno.land/x/rss@1.1.1/src/mappers/media_mapper.ts": "aeaa9f0c86bd69515069cb15b5be4762ebca1e24eb175a03098086796bc25248",
    "https://deno.land/x/rss@1.1.1/src/resolvers/atom_resolver.ts": "a8dee15079be1cb591a345c93189c4c0a9d66ef78665c3f3dc0424af0293c227",
    "https://deno.land/x/rss@1.1.1/src/resolvers/dublin_core_resolver.ts": "aca2b6f7d0b5ad4571b25b25ae19103ed333ebd2ff511d0977a07f42856497d4",
    "https://deno.land/x/rss@1.1.1/src/resolvers/media_rss_resolver.ts": "5135310ff4f173d294f496d11c99d5c9806ddf96e02986c0e3b70ccbf8b260ab",
    "https://deno.land/x/rss@1.1.1/src/resolvers/rss1_resolver.ts": "52de61df37f29f2574cfe52f44171b0c2a83211944f62896a6774be36edc5c46",
    "https://deno.land/x/rss@1.1.1/src/resolvers/rss2_resolver.ts": "543ddaf6df3ff27d8f89a9253a6b18f7287839d8b65465bda5839152f075923f",
    "https://deno.land/x/rss@1.1.1/src/resolvers/slash_resolver.ts": "468167c5a0e6df0baabe75000133087919a7edcfc804486c2512978f78bd5123",
    "https://deno.land/x/rss@1.1.1/src/types/feed_type.ts": "b2098f23982be344a19f00915437550d1e4002fb653ac9e34455a90119ee4e6c",
    "https://deno.land/x/rss@1.1.1/src/types/fields/atom_fields.ts": "85bf1a4b3e917baa3c94f3fba8283b678d5a10e78a16c42cfa19b2ee0bf210b3",
    "https://deno.land/x/rss@1.1.1/src/types/fields/dublin_core_fields.ts": "fd6b7e5b660a4f99cabb7a62ae91ab48579de340e57c8dd7ad62c992e64c1644",
    "https://deno.land/x/rss@1.1.1/src/types/fields/media_rss_fields.ts": "076b1e23b6ca99002ffb13e5859164acdf45617aea90440acc75fb28f3aa00b4",
    "https://deno.land/x/rss@1.1.1/src/types/fields/rss1_fields.ts": "04da9ca7d3fe2b59626c6b3bd18bfd41bf1b1531bc33f2d4f420f10da4e84f7e",
    "https://deno.land/x/rss@1.1.1/src/types/fields/rss2_fields.ts": "c5041472e42cdf04e9f6b2e6e2e334b016aff40524c9a4a4f2c3a5875f9508ea",
    "https://deno.land/x/rss@1.1.1/src/types/fields/slash_fields.ts": "11a1cf81744fe3b2bddbcf3a3ce6f86406d250198ef8c41e6fa58dd652e2e466",
    "https://deno.land/x/rss@1.1.1/src/types/internal/internal_dublin_core.ts": "8b25fd4e4d296068c78da9dafb5af43cf58e2202d236a636068395722119309a",
    "https://deno.land/x/rss@1.1.1/src/types/slash.ts": "2683b96e783146bb5b63ad487702be35f2d721129851aa09caa2ec73a4027a25",
    "https://deno.land/x/rss@1.1.1/src/util.ts": "65e8200cdb00666b441883358e178b2a86a76ae5544d27c2297181075ca13f4b"
  }
}
